
Microsoft Visual Studio Solution File, Format Version 12.00
# Visual Studio Version 16
VisualStudioVersion = 16.0.31515.178
MinimumVisualStudioVersion = 10.0.40219.1
Project("{F184B08F-C81C-45F6-A57F-5ABD9991F28F}") = "201903869_Deposito", "201903869_Deposito.vbproj", "{3EF11891-CE0B-4611-A03A-51E61455E9FB}"
EndProject
Global
	GlobalSection(SolutionConfigurationPlatforms) = preSolution
		Debug|Any CPU = Debug|Any CPU
		Release|Any CPU = Release|Any CPU
	EndGlobalSection
	GlobalSection(ProjectConfigurationPlatforms) = postSolution
		{3EF11891-CE0B-4611-A03A-51E61455E9FB}.Debug|Any CPU.ActiveCfg = Debug|Any CPU
		{3EF11891-CE0B-4611-A03A-51E61455E9FB}.Debug|Any CPU.Build.0 = Debug|Any CPU
		{3EF11891-CE0B-4611-A03A-51E61455E9FB}.Release|Any CPU.ActiveCfg = Release|Any CPU
		{3EF11891-CE0B-4611-A03A-51E61455E9FB}.Release|Any CPU.Build.0 = Release|Any CPU
	EndGlobalSection
	GlobalSection(SolutionProperties) = preSolution
		HideSolutionNode = FALSE
	EndGlobalSection
	GlobalSection(ExtensibilityGlobals) = postSolution
		SolutionGuid = {60549C28-44EB-435E-B07C-93E2BF36095F}
	EndGlobalSection
EndGlobal
