
Microsoft Visual Studio Solution File, Format Version 12.00
# Visual Studio Version 16
VisualStudioVersion = 16.0.31515.178
MinimumVisualStudioVersion = 10.0.40219.1
Project("{F184B08F-C81C-45F6-A57F-5ABD9991F28F}") = "201903869_INSCRIPCIONES", "201903869_INSCRIPCIONES.vbproj", "{A133B42C-2638-4F63-8707-42EDFBB47729}"
EndProject
Global
	GlobalSection(SolutionConfigurationPlatforms) = preSolution
		Debug|Any CPU = Debug|Any CPU
		Release|Any CPU = Release|Any CPU
	EndGlobalSection
	GlobalSection(ProjectConfigurationPlatforms) = postSolution
		{A133B42C-2638-4F63-8707-42EDFBB47729}.Debug|Any CPU.ActiveCfg = Debug|Any CPU
		{A133B42C-2638-4F63-8707-42EDFBB47729}.Debug|Any CPU.Build.0 = Debug|Any CPU
		{A133B42C-2638-4F63-8707-42EDFBB47729}.Release|Any CPU.ActiveCfg = Release|Any CPU
		{A133B42C-2638-4F63-8707-42EDFBB47729}.Release|Any CPU.Build.0 = Release|Any CPU
	EndGlobalSection
	GlobalSection(SolutionProperties) = preSolution
		HideSolutionNode = FALSE
	EndGlobalSection
	GlobalSection(ExtensibilityGlobals) = postSolution
		SolutionGuid = {6CEB2017-27BB-4EA2-BE1F-DB795FE3CCF8}
	EndGlobalSection
EndGlobal
